
Microsoft Visual Studio Solution File, Format Version 12.00
# Visual Studio Version 17
VisualStudioVersion = 17.1.32210.238
MinimumVisualStudioVersion = 10.0.40219.1
Project("{FAE04EC0-301F-11D3-BF4B-00C04F79EFBC}") = "BowlingChallenge.Server", "Server\BowlingChallenge.Server.csproj", "{8F8F1CE0-4852-4325-B5D3-FB0B3208054F}"
EndProject
Project("{FAE04EC0-301F-11D3-BF4B-00C04F79EFBC}") = "BowlingChallenge.Client", "Client\BowlingChallenge.Client.csproj", "{F4A807F0-60AE-474F-AF64-62E958A5835B}"
EndProject
Project("{FAE04EC0-301F-11D3-BF4B-00C04F79EFBC}") = "BowlingChallenge.Shared", "Shared\BowlingChallenge.Shared.csproj", "{1F90C104-8534-4C6F-AF57-048435667542}"
EndProject
Global
	GlobalSection(SolutionConfigurationPlatforms) = preSolution
		Debug|Any CPU = Debug|Any CPU
		Release|Any CPU = Release|Any CPU
	EndGlobalSection
	GlobalSection(ProjectConfigurationPlatforms) = postSolution
		{8F8F1CE0-4852-4325-B5D3-FB0B3208054F}.Debug|Any CPU.ActiveCfg = Debug|Any CPU
		{8F8F1CE0-4852-4325-B5D3-FB0B3208054F}.Debug|Any CPU.Build.0 = Debug|Any CPU
		{8F8F1CE0-4852-4325-B5D3-FB0B3208054F}.Release|Any CPU.ActiveCfg = Release|Any CPU
		{8F8F1CE0-4852-4325-B5D3-FB0B3208054F}.Release|Any CPU.Build.0 = Release|Any CPU
		{F4A807F0-60AE-474F-AF64-62E958A5835B}.Debug|Any CPU.ActiveCfg = Debug|Any CPU
		{F4A807F0-60AE-474F-AF64-62E958A5835B}.Debug|Any CPU.Build.0 = Debug|Any CPU
		{F4A807F0-60AE-474F-AF64-62E958A5835B}.Release|Any CPU.ActiveCfg = Release|Any CPU
		{F4A807F0-60AE-474F-AF64-62E958A5835B}.Release|Any CPU.Build.0 = Release|Any CPU
		{1F90C104-8534-4C6F-AF57-048435667542}.Debug|Any CPU.ActiveCfg = Debug|Any CPU
		{1F90C104-8534-4C6F-AF57-048435667542}.Debug|Any CPU.Build.0 = Debug|Any CPU
		{1F90C104-8534-4C6F-AF57-048435667542}.Release|Any CPU.ActiveCfg = Release|Any CPU
		{1F90C104-8534-4C6F-AF57-048435667542}.Release|Any CPU.Build.0 = Release|Any CPU
	EndGlobalSection
	GlobalSection(SolutionProperties) = preSolution
		HideSolutionNode = FALSE
	EndGlobalSection
	GlobalSection(ExtensibilityGlobals) = postSolution
		SolutionGuid = {1BCA84A4-9AE7-412C-9E21-05F252BF287A}
	EndGlobalSection
EndGlobal
